// !$*UTF8*$!
{
	archiveVersion = 1;
	classes = {
	};
	objectVersion = 46;
	objects = {

/* Begin PBXBuildFile section */
		FE095E2815B1741100F167B0 /* UIKit.framework in Frameworks */ = {isa = PBXBuildFile; fileRef = FE095E2715B1741100F167B0 /* UIKit.framework */; };
		FE095E2A15B1741100F167B0 /* Foundation.framework in Frameworks */ = {isa = PBXBuildFile; fileRef = FE095E2915B1741100F167B0 /* Foundation.framework */; };
		FE095E2C15B1741100F167B0 /* CoreGraphics.framework in Frameworks */ = {isa = PBXBuildFile; fileRef = FE095E2B15B1741100F167B0 /* CoreGraphics.framework */; };
		FE095E3215B1741100F167B0 /* InfoPlist.strings in Resources */ = {isa = PBXBuildFile; fileRef = FE095E3015B1741100F167B0 /* InfoPlist.strings */; };
		FE095E3415B1741100F167B0 /* main.m in Sources */ = {isa = PBXBuildFile; fileRef = FE095E3315B1741100F167B0 /* main.m */; };
		FE095E3815B1741100F167B0 /* AppDelegate.m in Sources */ = {isa = PBXBuildFile; fileRef = FE095E3715B1741100F167B0 /* AppDelegate.m */; };
		FE095E3B15B1741100F167B0 /* ViewController.m in Sources */ = {isa = PBXBuildFile; fileRef = FE095E3A15B1741100F167B0 /* ViewController.m */; };
		FE095E3E15B1741100F167B0 /* ViewController.xib in Resources */ = {isa = PBXBuildFile; fileRef = FE095E3C15B1741100F167B0 /* ViewController.xib */; };
		FE095E4915B1778600F167B0 /* ios.png in Resources */ = {isa = PBXBuildFile; fileRef = FE095E4815B1778600F167B0 /* ios.png */; };
		FE095E5515B17C0200F167B0 /* second.m in Sources */ = {isa = PBXBuildFile; fileRef = FE095E5315B17C0200F167B0 /* second.m */; };
		FE095E5615B17C0200F167B0 /* second.xib in Resources */ = {isa = PBXBuildFile; fileRef = FE095E5415B17C0200F167B0 /* second.xib */; };
		FE095E5E15B181E100F167B0 /* ios-5-logo-57x57.png in Resources */ = {isa = PBXBuildFile; fileRef = FE095E5D15B181E100F167B0 /* ios-5-logo-57x57.png */; };
/* End PBXBuildFile section */

/* Begin PBXFileReference section */
		FE095E2315B1741100F167B0 /* ios.app */ = {isa = PBXFileReference; explicitFileType = wrapper.application; includeInIndex = 0; path = ios.app; sourceTree = BUILT_PRODUCTS_DIR; };
		FE095E2715B1741100F167B0 /* UIKit.framework */ = {isa = PBXFileReference; lastKnownFileType = wrapper.framework; name = UIKit.framework; path = System/Library/Frameworks/UIKit.framework; sourceTree = SDKROOT; };
		FE095E2915B1741100F167B0 /* Foundation.framework */ = {isa = PBXFileReference; lastKnownFileType = wrapper.framework; name = Foundation.framework; path = System/Library/Frameworks/Foundation.framework; sourceTree = SDKROOT; };
		FE095E2B15B1741100F167B0 /* CoreGraphics.framework */ = {isa = PBXFileReference; lastKnownFileType = wrapper.framework; name = CoreGraphics.framework; path = System/Library/Frameworks/CoreGraphics.framework; sourceTree = SDKROOT; };
		FE095E2F15B1741100F167B0 /* ios-Info.plist */ = {isa = PBXFileReference; lastKnownFileType = text.plist.xml; path = "ios-Info.plist"; sourceTree = "<group>"; };
		FE095E3115B1741100F167B0 /* en */ = {isa = PBXFileReference; lastKnownFileType = text.plist.strings; name = en; path = en.lproj/InfoPlist.strings; sourceTree = "<group>"; };
		FE095E3315B1741100F167B0 /* main.m */ = {isa = PBXFileReference; lastKnownFileType = sourcecode.c.objc; path = main.m; sourceTree = "<group>"; };
		FE095E3515B1741100F167B0 /* ios-Prefix.pch */ = {isa = PBXFileReference; lastKnownFileType = sourcecode.c.h; path = "ios-Prefix.pch"; sourceTree = "<group>"; };
		FE095E3615B1741100F167B0 /* AppDelegate.h */ = {isa = PBXFileReference; lastKnownFileType = sourcecode.c.h; path = AppDelegate.h; sourceTree = "<group>"; };
		FE095E3715B1741100F167B0 /* AppDelegate.m */ = {isa = PBXFileReference; lastKnownFileType = sourcecode.c.objc; path = AppDelegate.m; sourceTree = "<group>"; };
		FE095E3915B1741100F167B0 /* ViewController.h */ = {isa = PBXFileReference; lastKnownFileType = sourcecode.c.h; path = ViewController.h; sourceTree = "<group>"; };
		FE095E3A15B1741100F167B0 /* ViewController.m */ = {isa = PBXFileReference; lastKnownFileType = sourcecode.c.objc; path = ViewController.m; sourceTree = "<group>"; };
		FE095E3D15B1741100F167B0 /* en */ = {isa = PBXFileReference; lastKnownFileType = file.xib; name = en; path = en.lproj/ViewController.xib; sourceTree = "<group>"; };
		FE095E4815B1778600F167B0 /* ios.png */ = {isa = PBXFileReference; lastKnownFileType = image.png; name = ios.png; path = ../../icons/ios.png; sourceTree = "<group>"; };
		FE095E5215B17C0200F167B0 /* second.h */ = {isa = PBXFileReference; fileEncoding = 4; lastKnownFileType = sourcecode.c.h; name = second.h; path = ../second.h; sourceTree = "<group>"; };
		FE095E5315B17C0200F167B0 /* second.m */ = {isa = PBXFileReference; fileEncoding = 4; lastKnownFileType = sourcecode.c.objc; name = second.m; path = ../second.m; sourceTree = "<group>"; };
		FE095E5415B17C0200F167B0 /* second.xib */ = {isa = PBXFileReference; fileEncoding = 4; lastKnownFileType = file.xib; name = second.xib; path = ../second.xib; sourceTree = "<group>"; };
		FE095E5D15B181E100F167B0 /* ios-5-logo-57x57.png */ = {isa = PBXFileReference; lastKnownFileType = image.png; path = "ios-5-logo-57x57.png"; sourceTree = SOURCE_ROOT; };
/* End PBXFileReference section */

/* Begin PBXFrameworksBuildPhase section */
		FE095E2015B1741100F167B0 /* Frameworks */ = {
			isa = PBXFrameworksBuildPhase;
			buildActionMask = 2147483647;
			files = (
				FE095E2815B1741100F167B0 /* UIKit.framework in Frameworks */,
				FE095E2A15B1741100F167B0 /* Foundation.framework in Frameworks */,
				FE095E2C15B1741100F167B0 /* CoreGraphics.framework in Frameworks */,
			);
			runOnlyForDeploymentPostprocessing = 0;
		};
/* End PBXFrameworksBuildPhase section */

/* Begin PBXGroup section */
		FE095E1815B1741000F167B0 = {
			isa = PBXGroup;
			children = (
				FE095E2D15B1741100F167B0 /* ios */,
				FE095E2615B1741100F167B0 /* Frameworks */,
				FE095E2415B1741100F167B0 /* Products */,
			);
			sourceTree = "<group>";
		};
		FE095E2415B1741100F167B0 /* Products */ = {
			isa = PBXGroup;
			children = (
				FE095E2315B1741100F167B0 /* ios.app */,
			);
			name = Products;
			sourceTree = "<group>";
		};
		FE095E2615B1741100F167B0 /* Frameworks */ = {
			isa = PBXGroup;
			children = (
				FE095E2715B1741100F167B0 /* UIKit.framework */,
				FE095E2915B1741100F167B0 /* Foundation.framework */,
				FE095E2B15B1741100F167B0 /* CoreGraphics.framework */,
			);
			name = Frameworks;
			sourceTree = "<group>";
		};
		FE095E2D15B1741100F167B0 /* ios */ = {
			isa = PBXGroup;
			children = (
				FE095E3615B1741100F167B0 /* AppDelegate.h */,
				FE095E3715B1741100F167B0 /* AppDelegate.m */,
				FE095E3915B1741100F167B0 /* ViewController.h */,
				FE095E3A15B1741100F167B0 /* ViewController.m */,
				FE095E3C15B1741100F167B0 /* ViewController.xib */,
				FE095E5215B17C0200F167B0 /* second.h */,
				FE095E5315B17C0200F167B0 /* second.m */,
				FE095E5415B17C0200F167B0 /* second.xib */,
				FE095E2E15B1741100F167B0 /* Supporting Files */,
			);
			path = ios;
			sourceTree = "<group>";
		};
		FE095E2E15B1741100F167B0 /* Supporting Files */ = {
			isa = PBXGroup;
			children = (
				FE095E2F15B1741100F167B0 /* ios-Info.plist */,
				FE095E3015B1741100F167B0 /* InfoPlist.strings */,
				FE095E5D15B181E100F167B0 /* ios-5-logo-57x57.png */,
				FE095E4815B1778600F167B0 /* ios.png */,
				FE095E3315B1741100F167B0 /* main.m */,
				FE095E3515B1741100F167B0 /* ios-Prefix.pch */,
			);
			name = "Supporting Files";
			sourceTree = "<group>";
		};
/* End PBXGroup section */

/* Begin PBXNativeTarget section */
		FE095E2215B1741100F167B0 /* ios */ = {
			isa = PBXNativeTarget;
			buildConfigurationList = FE095E4115B1741100F167B0 /* Build configuration list for PBXNativeTarget "ios" */;
			buildPhases = (
				FE095E1F15B1741100F167B0 /* Sources */,
				FE095E2015B1741100F167B0 /* Frameworks */,
				FE095E2115B1741100F167B0 /* Resources */,
			);
			buildRules = (
			);
			dependencies = (
			);
			name = ios;
			productName = ios;
			productReference = FE095E2315B1741100F167B0 /* ios.app */;
			productType = "com.apple.product-type.application";
		};
/* End PBXNativeTarget section */

/* Begin PBXProject section */
		FE095E1A15B1741000F167B0 /* Project object */ = {
			isa = PBXProject;
			attributes = {
				LastUpgradeCheck = 0430;
			};
			buildConfigurationList = FE095E1D15B1741000F167B0 /* Build configuration list for PBXProject "ios" */;
			compatibilityVersion = "Xcode 3.2";
			developmentRegion = English;
			hasScannedForEncodings = 0;
			knownRegions = (
				en,
			);
			mainGroup = FE095E1815B1741000F167B0;
			productRefGroup = FE095E2415B1741100F167B0 /* Products */;
			projectDirPath = "";
			projectRoot = "";
			targets = (
				FE095E2215B1741100F167B0 /* ios */,
			);
		};
/* End PBXProject section */

/* Begin PBXResourcesBuildPhase section */
		FE095E2115B1741100F167B0 /* Resources */ = {
			isa = PBXResourcesBuildPhase;
			buildActionMask = 2147483647;
			files = (
				FE095E3215B1741100F167B0 /* InfoPlist.strings in Resources */,
				FE095E3E15B1741100F167B0 /* ViewController.xib in Resources */,
				FE095E4915B1778600F167B0 /* ios.png in Resources */,
				FE095E5615B17C0200F167B0 /* second.xib in Resources */,
				FE095E5E15B181E100F167B0 /* ios-5-logo-57x57.png in Resources */,
			);
			runOnlyForDeploymentPostprocessing = 0;
		};
/* End PBXResourcesBuildPhase section */

/* Begin PBXSourcesBuildPhase section */
		FE095E1F15B1741100F167B0 /* Sources */ = {
			isa = PBXSourcesBuildPhase;
			buildActionMask = 2147483647;
			files = (
				FE095E3415B1741100F167B0 /* main.m in Sources */,
				FE095E3815B1741100F167B0 /* AppDelegate.m in Sources */,
				FE095E3B15B1741100F167B0 /* ViewController.m in Sources */,
				FE095E5515B17C0200F167B0 /* second.m in Sources */,
			);
			runOnlyForDeploymentPostprocessing = 0;
		};
/* End PBXSourcesBuildPhase section */

/* Begin PBXVariantGroup section */
		FE095E3015B1741100F167B0 /* InfoPlist.strings */ = {
			isa = PBXVariantGroup;
			children = (
				FE095E3115B1741100F167B0 /* en */,
			);
			name = InfoPlist.strings;
			sourceTree = "<group>";
		};
		FE095E3C15B1741100F167B0 /* ViewController.xib */ = {
			isa = PBXVariantGroup;
			children = (
				FE095E3D15B1741100F167B0 /* en */,
			);
			name = ViewController.xib;
			sourceTree = "<group>";
		};
/* End PBXVariantGroup section */

/* Begin XCBuildConfiguration section */
		FE095E3F15B1741100F167B0 /* Debug */ = {
			isa = XCBuildConfiguration;
			buildSettings = {
				ALWAYS_SEARCH_USER_PATHS = NO;
				ARCHS = "$(ARCHS_STANDARD_32_BIT)";
				"CODE_SIGN_IDENTITY[sdk=iphoneos*]" = "iPhone Developer";
				COPY_PHASE_STRIP = NO;
				GCC_C_LANGUAGE_STANDARD = gnu99;
				GCC_DYNAMIC_NO_PIC = NO;
				GCC_OPTIMIZATION_LEVEL = 0;
				GCC_PREPROCESSOR_DEFINITIONS = (
					"DEBUG=1",
					"$(inherited)",
				);
				GCC_SYMBOLS_PRIVATE_EXTERN = NO;
				GCC_VERSION = com.apple.compilers.llvm.clang.1_0;
				GCC_WARN_ABOUT_RETURN_TYPE = YES;
				GCC_WARN_UNINITIALIZED_AUTOS = YES;
				GCC_WARN_UNUSED_VARIABLE = YES;
				IPHONEOS_DEPLOYMENT_TARGET = 5.1;
				SDKROOT = iphoneos;
			};
			name = Debug;
		};
		FE095E4015B1741100F167B0 /* Release */ = {
			isa = XCBuildConfiguration;
			buildSettings = {
				ALWAYS_SEARCH_USER_PATHS = NO;
				ARCHS = "$(ARCHS_STANDARD_32_BIT)";
				"CODE_SIGN_IDENTITY[sdk=iphoneos*]" = "iPhone Developer";
				COPY_PHASE_STRIP = YES;
				GCC_C_LANGUAGE_STANDARD = gnu99;
				GCC_VERSION = com.apple.compilers.llvm.clang.1_0;
				GCC_WARN_ABOUT_RETURN_TYPE = YES;
				GCC_WARN_UNINITIALIZED_AUTOS = YES;
				GCC_WARN_UNUSED_VARIABLE = YES;
				IPHONEOS_DEPLOYMENT_TARGET = 5.1;
				OTHER_CFLAGS = "-DNS_BLOCK_ASSERTIONS=1";
				SDKROOT = iphoneos;
				VALIDATE_PRODUCT = YES;
			};
			name = Release;
		};
		FE095E4215B1741100F167B0 /* Debug */ = {
			isa = XCBuildConfiguration;
			buildSettings = {
				GCC_PRECOMPILE_PREFIX_HEADER = YES;
				GCC_PREFIX_HEADER = "ios/ios-Prefix.pch";
				INFOPLIST_FILE = "ios/ios-Info.plist";
				PRODUCT_NAME = "$(TARGET_NAME)";
				WRAPPER_EXTENSION = app;
			};
			name = Debug;
		};
		FE095E4315B1741100F167B0 /* Release */ = {
			isa = XCBuildConfiguration;
			buildSettings = {
				GCC_PRECOMPILE_PREFIX_HEADER = YES;
				GCC_PREFIX_HEADER = "ios/ios-Prefix.pch";
				INFOPLIST_FILE = "ios/ios-Info.plist";
				PRODUCT_NAME = "$(TARGET_NAME)";
				WRAPPER_EXTENSION = app;
			};
			name = Release;
		};
/* End XCBuildConfiguration section */

/* Begin XCConfigurationList section */
		FE095E1D15B1741000F167B0 /* Build configuration list for PBXProject "ios" */ = {
			isa = XCConfigurationList;
			buildConfigurations = (
				FE095E3F15B1741100F167B0 /* Debug */,
				FE095E4015B1741100F167B0 /* Release */,
			);
			defaultConfigurationIsVisible = 0;
			defaultConfigurationName = Release;
		};
		FE095E4115B1741100F167B0 /* Build configuration list for PBXNativeTarget "ios" */ = {
			isa = XCConfigurationList;
			buildConfigurations = (
				FE095E4215B1741100F167B0 /* Debug */,
				FE095E4315B1741100F167B0 /* Release */,
			);
			defaultConfigurationIsVisible = 0;
		};
/* End XCConfigurationList section */
	};
	rootObject = FE095E1A15B1741000F167B0 /* Project object */;
}
